
Microsoft Visual Studio Solution File, Format Version 12.00
# Visual Studio Version 17
VisualStudioVersion = 17.4.33110.190
MinimumVisualStudioVersion = 10.0.40219.1
Project("{FAE04EC0-301F-11D3-BF4B-00C04F79EFBC}") = "ComplexNumber", "ComplexNumber\ComplexNumber.csproj", "{730F193C-3CCF-434D-A70C-3A14EDC6C3D3}"
EndProject
Global
	GlobalSection(SolutionConfigurationPlatforms) = preSolution
		Debug|Any CPU = Debug|Any CPU
		Release|Any CPU = Release|Any CPU
	EndGlobalSection
	GlobalSection(ProjectConfigurationPlatforms) = postSolution
		{730F193C-3CCF-434D-A70C-3A14EDC6C3D3}.Debug|Any CPU.ActiveCfg = Debug|Any CPU
		{730F193C-3CCF-434D-A70C-3A14EDC6C3D3}.Debug|Any CPU.Build.0 = Debug|Any CPU
		{730F193C-3CCF-434D-A70C-3A14EDC6C3D3}.Release|Any CPU.ActiveCfg = Release|Any CPU
		{730F193C-3CCF-434D-A70C-3A14EDC6C3D3}.Release|Any CPU.Build.0 = Release|Any CPU
	EndGlobalSection
	GlobalSection(SolutionProperties) = preSolution
		HideSolutionNode = FALSE
	EndGlobalSection
	GlobalSection(ExtensibilityGlobals) = postSolution
		SolutionGuid = {DFB279DF-17FD-4F93-8B7A-689CF1EDE656}
	EndGlobalSection
EndGlobal
